// !$*UTF8*$!
{
	archiveVersion = 1;
	classes = {
	};
	objectVersion = 48;
	objects = {

/* Begin PBXBuildFile section */
		E126D0EC2024BEF200EFDACB /* ImageLog.swift in Sources */ = {isa = PBXBuildFile; fileRef = E126D0EB2024BEF200EFDACB /* ImageLog.swift */; };
		E126D0EE2024C52200EFDACB /* ImagePickerViewControllerDelegate.swift in Sources */ = {isa = PBXBuildFile; fileRef = E126D0ED2024C52200EFDACB /* ImagePickerViewControllerDelegate.swift */; };
		E126D0F02025476300EFDACB /* ImageLogDataSource.swift in Sources */ = {isa = PBXBuildFile; fileRef = E126D0EF2025476300EFDACB /* ImageLogDataSource.swift */; };
		E126D0F32025515100EFDACB /* DataSourcing.swift in Sources */ = {isa = PBXBuildFile; fileRef = E126D0F22025515100EFDACB /* DataSourcing.swift */; };
		E126D0FC20257B3E00EFDACB /* ImageLogCollectionViewCell.swift in Sources */ = {isa = PBXBuildFile; fileRef = E126D0FA20257B3E00EFDACB /* ImageLogCollectionViewCell.swift */; };
		E126D0FD20257B3E00EFDACB /* ImageLogCollectionViewCell.xib in Resources */ = {isa = PBXBuildFile; fileRef = E126D0FB20257B3E00EFDACB /* ImageLogCollectionViewCell.xib */; };
		E126D1002025880C00EFDACB /* FirstCollectionViewFlowLayout.swift in Sources */ = {isa = PBXBuildFile; fileRef = E126D0FF2025880C00EFDACB /* FirstCollectionViewFlowLayout.swift */; };
		E126D1022025920B00EFDACB /* UICollectionViewExtension.swift in Sources */ = {isa = PBXBuildFile; fileRef = E126D1012025920B00EFDACB /* UICollectionViewExtension.swift */; };
		E1CDAB4D202212E900F6E5BA /* AppDelegate.swift in Sources */ = {isa = PBXBuildFile; fileRef = E1CDAB4C202212E900F6E5BA /* AppDelegate.swift */; };
		E1CDAB4F202212E900F6E5BA /* FirstViewController.swift in Sources */ = {isa = PBXBuildFile; fileRef = E1CDAB4E202212E900F6E5BA /* FirstViewController.swift */; };
		E1CDAB52202212E900F6E5BA /* Main.storyboard in Resources */ = {isa = PBXBuildFile; fileRef = E1CDAB50202212E900F6E5BA /* Main.storyboard */; };
		E1CDAB54202212E900F6E5BA /* Assets.xcassets in Resources */ = {isa = PBXBuildFile; fileRef = E1CDAB53202212E900F6E5BA /* Assets.xcassets */; };
		E1CDAB57202212E900F6E5BA /* LaunchScreen.storyboard in Resources */ = {isa = PBXBuildFile; fileRef = E1CDAB55202212E900F6E5BA /* LaunchScreen.storyboard */; };
		E1CDAB62202212E900F6E5BA /* Sample_CollectionView_with_CompositionTypeTests.swift in Sources */ = {isa = PBXBuildFile; fileRef = E1CDAB61202212E900F6E5BA /* Sample_CollectionView_with_CompositionTypeTests.swift */; };
		E1CDAB6D202212E900F6E5BA /* Sample_CollectionView_with_CompositionTypeUITests.swift in Sources */ = {isa = PBXBuildFile; fileRef = E1CDAB6C202212E900F6E5BA /* Sample_CollectionView_with_CompositionTypeUITests.swift */; };
		E1CDAB7B2022170100F6E5BA /* FirstCollectionViewDataSource.swift in Sources */ = {isa = PBXBuildFile; fileRef = E1CDAB7A2022170000F6E5BA /* FirstCollectionViewDataSource.swift */; };
		E1CDAB7E20221E5400F6E5BA /* FirstCollectionViewCell.swift in Sources */ = {isa = PBXBuildFile; fileRef = E1CDAB7C20221E5400F6E5BA /* FirstCollectionViewCell.swift */; };
		E1CDAB7F20221E5400F6E5BA /* FirstCollectionViewCell.xib in Resources */ = {isa = PBXBuildFile; fileRef = E1CDAB7D20221E5400F6E5BA /* FirstCollectionViewCell.xib */; };
		E1CDAB83202367B300F6E5BA /* CellIdentifiable.swift in Sources */ = {isa = PBXBuildFile; fileRef = E1CDAB82202367B300F6E5BA /* CellIdentifiable.swift */; };
		E1CDAB862023715700F6E5BA /* UICollectionViewCellExtension.swift in Sources */ = {isa = PBXBuildFile; fileRef = E1CDAB852023715700F6E5BA /* UICollectionViewCellExtension.swift */; };
		E1CDAB88202372A600F6E5BA /* ViewModelItem.swift in Sources */ = {isa = PBXBuildFile; fileRef = E1CDAB87202372A600F6E5BA /* ViewModelItem.swift */; };
/* End PBXBuildFile section */

/* Begin PBXContainerItemProxy section */
		E1CDAB5E202212E900F6E5BA /* PBXContainerItemProxy */ = {
			isa = PBXContainerItemProxy;
			containerPortal = E1CDAB41202212E900F6E5BA /* Project object */;
			proxyType = 1;
			remoteGlobalIDString = E1CDAB48202212E900F6E5BA;
			remoteInfo = "Sample-CollectionView-with-CompositionType";
		};
		E1CDAB69202212E900F6E5BA /* PBXContainerItemProxy */ = {
			isa = PBXContainerItemProxy;
			containerPortal = E1CDAB41202212E900F6E5BA /* Project object */;
			proxyType = 1;
			remoteGlobalIDString = E1CDAB48202212E900F6E5BA;
			remoteInfo = "Sample-CollectionView-with-CompositionType";
		};
/* End PBXContainerItemProxy section */

/* Begin PBXFileReference section */
		E126D0EB2024BEF200EFDACB /* ImageLog.swift */ = {isa = PBXFileReference; lastKnownFileType = sourcecode.swift; path = ImageLog.swift; sourceTree = "<group>"; };
		E126D0ED2024C52200EFDACB /* ImagePickerViewControllerDelegate.swift */ = {isa = PBXFileReference; lastKnownFileType = sourcecode.swift; path = ImagePickerViewControllerDelegate.swift; sourceTree = "<group>"; };
		E126D0EF2025476300EFDACB /* ImageLogDataSource.swift */ = {isa = PBXFileReference; lastKnownFileType = sourcecode.swift; path = ImageLogDataSource.swift; sourceTree = "<group>"; };
		E126D0F22025515100EFDACB /* DataSourcing.swift */ = {isa = PBXFileReference; lastKnownFileType = sourcecode.swift; path = DataSourcing.swift; sourceTree = "<group>"; };
		E126D0FA20257B3E00EFDACB /* ImageLogCollectionViewCell.swift */ = {isa = PBXFileReference; lastKnownFileType = sourcecode.swift; path = ImageLogCollectionViewCell.swift; sourceTree = "<group>"; };
		E126D0FB20257B3E00EFDACB /* ImageLogCollectionViewCell.xib */ = {isa = PBXFileReference; lastKnownFileType = file.xib; path = ImageLogCollectionViewCell.xib; sourceTree = "<group>"; };
		E126D0FF2025880C00EFDACB /* FirstCollectionViewFlowLayout.swift */ = {isa = PBXFileReference; fileEncoding = 4; lastKnownFileType = sourcecode.swift; path = FirstCollectionViewFlowLayout.swift; sourceTree = "<group>"; };
		E126D1012025920B00EFDACB /* UICollectionViewExtension.swift */ = {isa = PBXFileReference; lastKnownFileType = sourcecode.swift; path = UICollectionViewExtension.swift; sourceTree = "<group>"; };
		E1CDAB49202212E900F6E5BA /* Sample-CollectionView-with-CompositionType.app */ = {isa = PBXFileReference; explicitFileType = wrapper.application; includeInIndex = 0; path = "Sample-CollectionView-with-CompositionType.app"; sourceTree = BUILT_PRODUCTS_DIR; };
		E1CDAB4C202212E900F6E5BA /* AppDelegate.swift */ = {isa = PBXFileReference; lastKnownFileType = sourcecode.swift; path = AppDelegate.swift; sourceTree = "<group>"; };
		E1CDAB4E202212E900F6E5BA /* FirstViewController.swift */ = {isa = PBXFileReference; lastKnownFileType = sourcecode.swift; path = FirstViewController.swift; sourceTree = "<group>"; };
		E1CDAB51202212E900F6E5BA /* Base */ = {isa = PBXFileReference; lastKnownFileType = file.storyboard; name = Base; path = Base.lproj/Main.storyboard; sourceTree = "<group>"; };
		E1CDAB53202212E900F6E5BA /* Assets.xcassets */ = {isa = PBXFileReference; lastKnownFileType = folder.assetcatalog; path = Assets.xcassets; sourceTree = "<group>"; };
		E1CDAB56202212E900F6E5BA /* Base */ = {isa = PBXFileReference; lastKnownFileType = file.storyboard; name = Base; path = Base.lproj/LaunchScreen.storyboard; sourceTree = "<group>"; };
		E1CDAB58202212E900F6E5BA /* Info.plist */ = {isa = PBXFileReference; lastKnownFileType = text.plist.xml; path = Info.plist; sourceTree = "<group>"; };
		E1CDAB5D202212E900F6E5BA /* Sample-CollectionView-with-CompositionTypeTests.xctest */ = {isa = PBXFileReference; explicitFileType = wrapper.cfbundle; includeInIndex = 0; path = "Sample-CollectionView-with-CompositionTypeTests.xctest"; sourceTree = BUILT_PRODUCTS_DIR; };
		E1CDAB61202212E900F6E5BA /* Sample_CollectionView_with_CompositionTypeTests.swift */ = {isa = PBXFileReference; lastKnownFileType = sourcecode.swift; path = Sample_CollectionView_with_CompositionTypeTests.swift; sourceTree = "<group>"; };
		E1CDAB63202212E900F6E5BA /* Info.plist */ = {isa = PBXFileReference; lastKnownFileType = text.plist.xml; path = Info.plist; sourceTree = "<group>"; };
		E1CDAB68202212E900F6E5BA /* Sample-CollectionView-with-CompositionTypeUITests.xctest */ = {isa = PBXFileReference; explicitFileType = wrapper.cfbundle; includeInIndex = 0; path = "Sample-CollectionView-with-CompositionTypeUITests.xctest"; sourceTree = BUILT_PRODUCTS_DIR; };
		E1CDAB6C202212E900F6E5BA /* Sample_CollectionView_with_CompositionTypeUITests.swift */ = {isa = PBXFileReference; lastKnownFileType = sourcecode.swift; path = Sample_CollectionView_with_CompositionTypeUITests.swift; sourceTree = "<group>"; };
		E1CDAB6E202212E900F6E5BA /* Info.plist */ = {isa = PBXFileReference; lastKnownFileType = text.plist.xml; path = Info.plist; sourceTree = "<group>"; };
		E1CDAB7A2022170000F6E5BA /* FirstCollectionViewDataSource.swift */ = {isa = PBXFileReference; lastKnownFileType = sourcecode.swift; path = FirstCollectionViewDataSource.swift; sourceTree = "<group>"; };
		E1CDAB7C20221E5400F6E5BA /* FirstCollectionViewCell.swift */ = {isa = PBXFileReference; lastKnownFileType = sourcecode.swift; path = FirstCollectionViewCell.swift; sourceTree = "<group>"; };
		E1CDAB7D20221E5400F6E5BA /* FirstCollectionViewCell.xib */ = {isa = PBXFileReference; lastKnownFileType = file.xib; path = FirstCollectionViewCell.xib; sourceTree = "<group>"; };
		E1CDAB82202367B300F6E5BA /* CellIdentifiable.swift */ = {isa = PBXFileReference; lastKnownFileType = sourcecode.swift; path = CellIdentifiable.swift; sourceTree = "<group>"; };
		E1CDAB852023715700F6E5BA /* UICollectionViewCellExtension.swift */ = {isa = PBXFileReference; lastKnownFileType = sourcecode.swift; path = UICollectionViewCellExtension.swift; sourceTree = "<group>"; };
		E1CDAB87202372A600F6E5BA /* ViewModelItem.swift */ = {isa = PBXFileReference; lastKnownFileType = sourcecode.swift; path = ViewModelItem.swift; sourceTree = "<group>"; };
/* End PBXFileReference section */

/* Begin PBXFrameworksBuildPhase section */
		E1CDAB46202212E900F6E5BA /* Frameworks */ = {
			isa = PBXFrameworksBuildPhase;
			buildActionMask = 2147483647;
			files = (
			);
			runOnlyForDeploymentPostprocessing = 0;
		};
		E1CDAB5A202212E900F6E5BA /* Frameworks */ = {
			isa = PBXFrameworksBuildPhase;
			buildActionMask = 2147483647;
			files = (
			);
			runOnlyForDeploymentPostprocessing = 0;
		};
		E1CDAB65202212E900F6E5BA /* Frameworks */ = {
			isa = PBXFrameworksBuildPhase;
			buildActionMask = 2147483647;
			files = (
			);
			runOnlyForDeploymentPostprocessing = 0;
		};
/* End PBXFrameworksBuildPhase section */

/* Begin PBXGroup section */
		E126D0EA2024BDA900EFDACB /* Models */ = {
			isa = PBXGroup;
			children = (
				E126D0EB2024BEF200EFDACB /* ImageLog.swift */,
			);
			path = Models;
			sourceTree = "<group>";
		};
		E126D0F4202564F000EFDACB /* Compositions */ = {
			isa = PBXGroup;
			children = (
				E126D0FE2025878400EFDACB /* FlowLayouts */,
				E126D0F52025655900EFDACB /* DataSources */,
			);
			path = Compositions;
			sourceTree = "<group>";
		};
		E126D0F52025655900EFDACB /* DataSources */ = {
			isa = PBXGroup;
			children = (
				E126D0EF2025476300EFDACB /* ImageLogDataSource.swift */,
				E1CDAB7A2022170000F6E5BA /* FirstCollectionViewDataSource.swift */,
			);
			path = DataSources;
			sourceTree = "<group>";
		};
		E126D0FE2025878400EFDACB /* FlowLayouts */ = {
			isa = PBXGroup;
			children = (
				E126D0FF2025880C00EFDACB /* FirstCollectionViewFlowLayout.swift */,
			);
			path = FlowLayouts;
			sourceTree = "<group>";
		};
		E1CDAB40202212E900F6E5BA = {
			isa = PBXGroup;
			children = (
				E1CDAB4B202212E900F6E5BA /* Sample-CollectionView-with-CompositionType */,
				E1CDAB60202212E900F6E5BA /* Sample-CollectionView-with-CompositionTypeTests */,
				E1CDAB6B202212E900F6E5BA /* Sample-CollectionView-with-CompositionTypeUITests */,
				E1CDAB4A202212E900F6E5BA /* Products */,
			);
			sourceTree = "<group>";
		};
		E1CDAB4A202212E900F6E5BA /* Products */ = {
			isa = PBXGroup;
			children = (
				E1CDAB49202212E900F6E5BA /* Sample-CollectionView-with-CompositionType.app */,
				E1CDAB5D202212E900F6E5BA /* Sample-CollectionView-with-CompositionTypeTests.xctest */,
				E1CDAB68202212E900F6E5BA /* Sample-CollectionView-with-CompositionTypeUITests.xctest */,
			);
			name = Products;
			sourceTree = "<group>";
		};
		E1CDAB4B202212E900F6E5BA /* Sample-CollectionView-with-CompositionType */ = {
			isa = PBXGroup;
			children = (
				E126D0F4202564F000EFDACB /* Compositions */,
				E126D0EA2024BDA900EFDACB /* Models */,
				E1CDAB842023711E00F6E5BA /* Extensions */,
				E1CDAB81202366BD00F6E5BA /* Protocols */,
				E1CDAB8020221E6500F6E5BA /* Views */,
				E1CDAB4C202212E900F6E5BA /* AppDelegate.swift */,
				E1CDAB4E202212E900F6E5BA /* FirstViewController.swift */,
				E1CDAB50202212E900F6E5BA /* Main.storyboard */,
				E1CDAB53202212E900F6E5BA /* Assets.xcassets */,
				E1CDAB55202212E900F6E5BA /* LaunchScreen.storyboard */,
				E1CDAB58202212E900F6E5BA /* Info.plist */,
				E126D0ED2024C52200EFDACB /* ImagePickerViewControllerDelegate.swift */,
			);
			path = "Sample-CollectionView-with-CompositionType";
			sourceTree = "<group>";
		};
		E1CDAB60202212E900F6E5BA /* Sample-CollectionView-with-CompositionTypeTests */ = {
			isa = PBXGroup;
			children = (
				E1CDAB61202212E900F6E5BA /* Sample_CollectionView_with_CompositionTypeTests.swift */,
				E1CDAB63202212E900F6E5BA /* Info.plist */,
			);
			path = "Sample-CollectionView-with-CompositionTypeTests";
			sourceTree = "<group>";
		};
		E1CDAB6B202212E900F6E5BA /* Sample-CollectionView-with-CompositionTypeUITests */ = {
			isa = PBXGroup;
			children = (
				E1CDAB6C202212E900F6E5BA /* Sample_CollectionView_with_CompositionTypeUITests.swift */,
				E1CDAB6E202212E900F6E5BA /* Info.plist */,
			);
			path = "Sample-CollectionView-with-CompositionTypeUITests";
			sourceTree = "<group>";
		};
		E1CDAB8020221E6500F6E5BA /* Views */ = {
			isa = PBXGroup;
			children = (
				E1CDAB7C20221E5400F6E5BA /* FirstCollectionViewCell.swift */,
				E1CDAB7D20221E5400F6E5BA /* FirstCollectionViewCell.xib */,
				E126D0FA20257B3E00EFDACB /* ImageLogCollectionViewCell.swift */,
				E126D0FB20257B3E00EFDACB /* ImageLogCollectionViewCell.xib */,
			);
			path = Views;
			sourceTree = "<group>";
		};
		E1CDAB81202366BD00F6E5BA /* Protocols */ = {
			isa = PBXGroup;
			children = (
				E1CDAB82202367B300F6E5BA /* CellIdentifiable.swift */,
				E1CDAB87202372A600F6E5BA /* ViewModelItem.swift */,
				E126D0F22025515100EFDACB /* DataSourcing.swift */,
			);
			path = Protocols;
			sourceTree = "<group>";
		};
		E1CDAB842023711E00F6E5BA /* Extensions */ = {
			isa = PBXGroup;
			children = (
				E1CDAB852023715700F6E5BA /* UICollectionViewCellExtension.swift */,
				E126D1012025920B00EFDACB /* UICollectionViewExtension.swift */,
			);
			path = Extensions;
			sourceTree = "<group>";
		};
/* End PBXGroup section */

/* Begin PBXNativeTarget section */
		E1CDAB48202212E900F6E5BA /* Sample-CollectionView-with-CompositionType */ = {
			isa = PBXNativeTarget;
			buildConfigurationList = E1CDAB71202212E900F6E5BA /* Build configuration list for PBXNativeTarget "Sample-CollectionView-with-CompositionType" */;
			buildPhases = (
				E1CDAB45202212E900F6E5BA /* Sources */,
				E1CDAB46202212E900F6E5BA /* Frameworks */,
				E1CDAB47202212E900F6E5BA /* Resources */,
			);
			buildRules = (
			);
			dependencies = (
			);
			name = "Sample-CollectionView-with-CompositionType";
			productName = "Sample-CollectionView-with-CompositionType";
			productReference = E1CDAB49202212E900F6E5BA /* Sample-CollectionView-with-CompositionType.app */;
			productType = "com.apple.product-type.application";
		};
		E1CDAB5C202212E900F6E5BA /* Sample-CollectionView-with-CompositionTypeTests */ = {
			isa = PBXNativeTarget;
			buildConfigurationList = E1CDAB74202212E900F6E5BA /* Build configuration list for PBXNativeTarget "Sample-CollectionView-with-CompositionTypeTests" */;
			buildPhases = (
				E1CDAB59202212E900F6E5BA /* Sources */,
				E1CDAB5A202212E900F6E5BA /* Frameworks */,
				E1CDAB5B202212E900F6E5BA /* Resources */,
			);
			buildRules = (
			);
			dependencies = (
				E1CDAB5F202212E900F6E5BA /* PBXTargetDependency */,
			);
			name = "Sample-CollectionView-with-CompositionTypeTests";
			productName = "Sample-CollectionView-with-CompositionTypeTests";
			productReference = E1CDAB5D202212E900F6E5BA /* Sample-CollectionView-with-CompositionTypeTests.xctest */;
			productType = "com.apple.product-type.bundle.unit-test";
		};
		E1CDAB67202212E900F6E5BA /* Sample-CollectionView-with-CompositionTypeUITests */ = {
			isa = PBXNativeTarget;
			buildConfigurationList = E1CDAB77202212E900F6E5BA /* Build configuration list for PBXNativeTarget "Sample-CollectionView-with-CompositionTypeUITests" */;
			buildPhases = (
				E1CDAB64202212E900F6E5BA /* Sources */,
				E1CDAB65202212E900F6E5BA /* Frameworks */,
				E1CDAB66202212E900F6E5BA /* Resources */,
			);
			buildRules = (
			);
			dependencies = (
				E1CDAB6A202212E900F6E5BA /* PBXTargetDependency */,
			);
			name = "Sample-CollectionView-with-CompositionTypeUITests";
			productName = "Sample-CollectionView-with-CompositionTypeUITests";
			productReference = E1CDAB68202212E900F6E5BA /* Sample-CollectionView-with-CompositionTypeUITests.xctest */;
			productType = "com.apple.product-type.bundle.ui-testing";
		};
/* End PBXNativeTarget section */

/* Begin PBXProject section */
		E1CDAB41202212E900F6E5BA /* Project object */ = {
			isa = PBXProject;
			attributes = {
				LastSwiftUpdateCheck = 0920;
				LastUpgradeCheck = 0920;
				ORGANIZATIONNAME = Kohey.Nishioka;
				TargetAttributes = {
					E1CDAB48202212E900F6E5BA = {
						CreatedOnToolsVersion = 9.2;
						ProvisioningStyle = Automatic;
					};
					E1CDAB5C202212E900F6E5BA = {
						CreatedOnToolsVersion = 9.2;
						ProvisioningStyle = Automatic;
						TestTargetID = E1CDAB48202212E900F6E5BA;
					};
					E1CDAB67202212E900F6E5BA = {
						CreatedOnToolsVersion = 9.2;
						ProvisioningStyle = Automatic;
						TestTargetID = E1CDAB48202212E900F6E5BA;
					};
				};
			};
			buildConfigurationList = E1CDAB44202212E900F6E5BA /* Build configuration list for PBXProject "Sample-CollectionView-with-CompositionType" */;
			compatibilityVersion = "Xcode 8.0";
			developmentRegion = en;
			hasScannedForEncodings = 0;
			knownRegions = (
				en,
				Base,
			);
			mainGroup = E1CDAB40202212E900F6E5BA;
			productRefGroup = E1CDAB4A202212E900F6E5BA /* Products */;
			projectDirPath = "";
			projectRoot = "";
			targets = (
				E1CDAB48202212E900F6E5BA /* Sample-CollectionView-with-CompositionType */,
				E1CDAB5C202212E900F6E5BA /* Sample-CollectionView-with-CompositionTypeTests */,
				E1CDAB67202212E900F6E5BA /* Sample-CollectionView-with-CompositionTypeUITests */,
			);
		};
/* End PBXProject section */

/* Begin PBXResourcesBuildPhase section */
		E1CDAB47202212E900F6E5BA /* Resources */ = {
			isa = PBXResourcesBuildPhase;
			buildActionMask = 2147483647;
			files = (
				E126D0FD20257B3E00EFDACB /* ImageLogCollectionViewCell.xib in Resources */,
				E1CDAB57202212E900F6E5BA /* LaunchScreen.storyboard in Resources */,
				E1CDAB54202212E900F6E5BA /* Assets.xcassets in Resources */,
				E1CDAB52202212E900F6E5BA /* Main.storyboard in Resources */,
				E1CDAB7F20221E5400F6E5BA /* FirstCollectionViewCell.xib in Resources */,
			);
			runOnlyForDeploymentPostprocessing = 0;
		};
		E1CDAB5B202212E900F6E5BA /* Resources */ = {
			isa = PBXResourcesBuildPhase;
			buildActionMask = 2147483647;
			files = (
			);
			runOnlyForDeploymentPostprocessing = 0;
		};
		E1CDAB66202212E900F6E5BA /* Resources */ = {
			isa = PBXResourcesBuildPhase;
			buildActionMask = 2147483647;
			files = (
			);
			runOnlyForDeploymentPostprocessing = 0;
		};
/* End PBXResourcesBuildPhase section */

/* Begin PBXSourcesBuildPhase section */
		E1CDAB45202212E900F6E5BA /* Sources */ = {
			isa = PBXSourcesBuildPhase;
			buildActionMask = 2147483647;
			files = (
				E126D0F32025515100EFDACB /* DataSourcing.swift in Sources */,
				E126D0EE2024C52200EFDACB /* ImagePickerViewControllerDelegate.swift in Sources */,
				E126D1022025920B00EFDACB /* UICollectionViewExtension.swift in Sources */,
				E126D0FC20257B3E00EFDACB /* ImageLogCollectionViewCell.swift in Sources */,
				E1CDAB83202367B300F6E5BA /* CellIdentifiable.swift in Sources */,
				E1CDAB4F202212E900F6E5BA /* FirstViewController.swift in Sources */,
				E1CDAB862023715700F6E5BA /* UICollectionViewCellExtension.swift in Sources */,
				E126D1002025880C00EFDACB /* FirstCollectionViewFlowLayout.swift in Sources */,
				E1CDAB88202372A600F6E5BA /* ViewModelItem.swift in Sources */,
				E126D0F02025476300EFDACB /* ImageLogDataSource.swift in Sources */,
				E1CDAB4D202212E900F6E5BA /* AppDelegate.swift in Sources */,
				E1CDAB7B2022170100F6E5BA /* FirstCollectionViewDataSource.swift in Sources */,
				E126D0EC2024BEF200EFDACB /* ImageLog.swift in Sources */,
				E1CDAB7E20221E5400F6E5BA /* FirstCollectionViewCell.swift in Sources */,
			);
			runOnlyForDeploymentPostprocessing = 0;
		};
		E1CDAB59202212E900F6E5BA /* Sources */ = {
			isa = PBXSourcesBuildPhase;
			buildActionMask = 2147483647;
			files = (
				E1CDAB62202212E900F6E5BA /* Sample_CollectionView_with_CompositionTypeTests.swift in Sources */,
			);
			runOnlyForDeploymentPostprocessing = 0;
		};
		E1CDAB64202212E900F6E5BA /* Sources */ = {
			isa = PBXSourcesBuildPhase;
			buildActionMask = 2147483647;
			files = (
				E1CDAB6D202212E900F6E5BA /* Sample_CollectionView_with_CompositionTypeUITests.swift in Sources */,
			);
			runOnlyForDeploymentPostprocessing = 0;
		};
/* End PBXSourcesBuildPhase section */

/* Begin PBXTargetDependency section */
		E1CDAB5F202212E900F6E5BA /* PBXTargetDependency */ = {
			isa = PBXTargetDependency;
			target = E1CDAB48202212E900F6E5BA /* Sample-CollectionView-with-CompositionType */;
			targetProxy = E1CDAB5E202212E900F6E5BA /* PBXContainerItemProxy */;
		};
		E1CDAB6A202212E900F6E5BA /* PBXTargetDependency */ = {
			isa = PBXTargetDependency;
			target = E1CDAB48202212E900F6E5BA /* Sample-CollectionView-with-CompositionType */;
			targetProxy = E1CDAB69202212E900F6E5BA /* PBXContainerItemProxy */;
		};
/* End PBXTargetDependency section */

/* Begin PBXVariantGroup section */
		E1CDAB50202212E900F6E5BA /* Main.storyboard */ = {
			isa = PBXVariantGroup;
			children = (
				E1CDAB51202212E900F6E5BA /* Base */,
			);
			name = Main.storyboard;
			sourceTree = "<group>";
		};
		E1CDAB55202212E900F6E5BA /* LaunchScreen.storyboard */ = {
			isa = PBXVariantGroup;
			children = (
				E1CDAB56202212E900F6E5BA /* Base */,
			);
			name = LaunchScreen.storyboard;
			sourceTree = "<group>";
		};
/* End PBXVariantGroup section */

/* Begin XCBuildConfiguration section */
		E1CDAB6F202212E900F6E5BA /* Debug */ = {
			isa = XCBuildConfiguration;
			buildSettings = {
				ALWAYS_SEARCH_USER_PATHS = NO;
				CLANG_ANALYZER_NONNULL = YES;
				CLANG_ANALYZER_NUMBER_OBJECT_CONVERSION = YES_AGGRESSIVE;
				CLANG_CXX_LANGUAGE_STANDARD = "gnu++14";
				CLANG_CXX_LIBRARY = "libc++";
				CLANG_ENABLE_MODULES = YES;
				CLANG_ENABLE_OBJC_ARC = YES;
				CLANG_WARN_BLOCK_CAPTURE_AUTORELEASING = YES;
				CLANG_WARN_BOOL_CONVERSION = YES;
				CLANG_WARN_COMMA = YES;
				CLANG_WARN_CONSTANT_CONVERSION = YES;
				CLANG_WARN_DIRECT_OBJC_ISA_USAGE = YES_ERROR;
				CLANG_WARN_DOCUMENTATION_COMMENTS = YES;
				CLANG_WARN_EMPTY_BODY = YES;
				CLANG_WARN_ENUM_CONVERSION = YES;
				CLANG_WARN_INFINITE_RECURSION = YES;
				CLANG_WARN_INT_CONVERSION = YES;
				CLANG_WARN_NON_LITERAL_NULL_CONVERSION = YES;
				CLANG_WARN_OBJC_LITERAL_CONVERSION = YES;
				CLANG_WARN_OBJC_ROOT_CLASS = YES_ERROR;
				CLANG_WARN_RANGE_LOOP_ANALYSIS = YES;
				CLANG_WARN_STRICT_PROTOTYPES = YES;
				CLANG_WARN_SUSPICIOUS_MOVE = YES;
				CLANG_WARN_UNGUARDED_AVAILABILITY = YES_AGGRESSIVE;
				CLANG_WARN_UNREACHABLE_CODE = YES;
				CLANG_WARN__DUPLICATE_METHOD_MATCH = YES;
				CODE_SIGN_IDENTITY = "iPhone Developer";
				COPY_PHASE_STRIP = NO;
				DEBUG_INFORMATION_FORMAT = dwarf;
				ENABLE_STRICT_OBJC_MSGSEND = YES;
				ENABLE_TESTABILITY = YES;
				GCC_C_LANGUAGE_STANDARD = gnu11;
				GCC_DYNAMIC_NO_PIC = NO;
				GCC_NO_COMMON_BLOCKS = YES;
				GCC_OPTIMIZATION_LEVEL = 0;
				GCC_PREPROCESSOR_DEFINITIONS = (
					"DEBUG=1",
					"$(inherited)",
				);
				GCC_WARN_64_TO_32_BIT_CONVERSION = YES;
				GCC_WARN_ABOUT_RETURN_TYPE = YES_ERROR;
				GCC_WARN_UNDECLARED_SELECTOR = YES;
				GCC_WARN_UNINITIALIZED_AUTOS = YES_AGGRESSIVE;
				GCC_WARN_UNUSED_FUNCTION = YES;
				GCC_WARN_UNUSED_VARIABLE = YES;
				IPHONEOS_DEPLOYMENT_TARGET = 11.0;
				MTL_ENABLE_DEBUG_INFO = YES;
				ONLY_ACTIVE_ARCH = YES;
				SDKROOT = iphoneos;
				SWIFT_ACTIVE_COMPILATION_CONDITIONS = DEBUG;
				SWIFT_OPTIMIZATION_LEVEL = "-Onone";
			};
			name = Debug;
		};
		E1CDAB70202212E900F6E5BA /* Release */ = {
			isa = XCBuildConfiguration;
			buildSettings = {
				ALWAYS_SEARCH_USER_PATHS = NO;
				CLANG_ANALYZER_NONNULL = YES;
				CLANG_ANALYZER_NUMBER_OBJECT_CONVERSION = YES_AGGRESSIVE;
				CLANG_CXX_LANGUAGE_STANDARD = "gnu++14";
				CLANG_CXX_LIBRARY = "libc++";
				CLANG_ENABLE_MODULES = YES;
				CLANG_ENABLE_OBJC_ARC = YES;
				CLANG_WARN_BLOCK_CAPTURE_AUTORELEASING = YES;
				CLANG_WARN_BOOL_CONVERSION = YES;
				CLANG_WARN_COMMA = YES;
				CLANG_WARN_CONSTANT_CONVERSION = YES;
				CLANG_WARN_DIRECT_OBJC_ISA_USAGE = YES_ERROR;
				CLANG_WARN_DOCUMENTATION_COMMENTS = YES;
				CLANG_WARN_EMPTY_BODY = YES;
				CLANG_WARN_ENUM_CONVERSION = YES;
				CLANG_WARN_INFINITE_RECURSION = YES;
				CLANG_WARN_INT_CONVERSION = YES;
				CLANG_WARN_NON_LITERAL_NULL_CONVERSION = YES;
				CLANG_WARN_OBJC_LITERAL_CONVERSION = YES;
				CLANG_WARN_OBJC_ROOT_CLASS = YES_ERROR;
				CLANG_WARN_RANGE_LOOP_ANALYSIS = YES;
				CLANG_WARN_STRICT_PROTOTYPES = YES;
				CLANG_WARN_SUSPICIOUS_MOVE = YES;
				CLANG_WARN_UNGUARDED_AVAILABILITY = YES_AGGRESSIVE;
				CLANG_WARN_UNREACHABLE_CODE = YES;
				CLANG_WARN__DUPLICATE_METHOD_MATCH = YES;
				CODE_SIGN_IDENTITY = "iPhone Developer";
				COPY_PHASE_STRIP = NO;
				DEBUG_INFORMATION_FORMAT = "dwarf-with-dsym";
				ENABLE_NS_ASSERTIONS = NO;
				ENABLE_STRICT_OBJC_MSGSEND = YES;
				GCC_C_LANGUAGE_STANDARD = gnu11;
				GCC_NO_COMMON_BLOCKS = YES;
				GCC_WARN_64_TO_32_BIT_CONVERSION = YES;
				GCC_WARN_ABOUT_RETURN_TYPE = YES_ERROR;
				GCC_WARN_UNDECLARED_SELECTOR = YES;
				GCC_WARN_UNINITIALIZED_AUTOS = YES_AGGRESSIVE;
				GCC_WARN_UNUSED_FUNCTION = YES;
				GCC_WARN_UNUSED_VARIABLE = YES;
				IPHONEOS_DEPLOYMENT_TARGET = 11.0;
				MTL_ENABLE_DEBUG_INFO = NO;
				SDKROOT = iphoneos;
				SWIFT_OPTIMIZATION_LEVEL = "-Owholemodule";
				VALIDATE_PRODUCT = YES;
			};
			name = Release;
		};
		E1CDAB72202212E900F6E5BA /* Debug */ = {
			isa = XCBuildConfiguration;
			buildSettings = {
				ASSETCATALOG_COMPILER_APPICON_NAME = AppIcon;
				CODE_SIGN_STYLE = Automatic;
				DEVELOPMENT_TEAM = 9D8UR7H9D4;
				INFOPLIST_FILE = "Sample-CollectionView-with-CompositionType/Info.plist";
				IPHONEOS_DEPLOYMENT_TARGET = 11.0;
				LD_RUNPATH_SEARCH_PATHS = "$(inherited) @executable_path/Frameworks";
				PRODUCT_BUNDLE_IDENTIFIER = "jp.takumi314.Sample-CollectionView-with-CompositionType";
				PRODUCT_NAME = "$(TARGET_NAME)";
				SWIFT_VERSION = 4.0;
				TARGETED_DEVICE_FAMILY = "1,2";
			};
			name = Debug;
		};
		E1CDAB73202212E900F6E5BA /* Release */ = {
			isa = XCBuildConfiguration;
			buildSettings = {
				ASSETCATALOG_COMPILER_APPICON_NAME = AppIcon;
				CODE_SIGN_STYLE = Automatic;
				DEVELOPMENT_TEAM = 9D8UR7H9D4;
				INFOPLIST_FILE = "Sample-CollectionView-with-CompositionType/Info.plist";
				IPHONEOS_DEPLOYMENT_TARGET = 11.0;
				LD_RUNPATH_SEARCH_PATHS = "$(inherited) @executable_path/Frameworks";
				PRODUCT_BUNDLE_IDENTIFIER = "jp.takumi314.Sample-CollectionView-with-CompositionType";
				PRODUCT_NAME = "$(TARGET_NAME)";
				SWIFT_VERSION = 4.0;
				TARGETED_DEVICE_FAMILY = "1,2";
			};
			name = Release;
		};
		E1CDAB75202212E900F6E5BA /* Debug */ = {
			isa = XCBuildConfiguration;
			buildSettings = {
				ALWAYS_EMBED_SWIFT_STANDARD_LIBRARIES = YES;
				BUNDLE_LOADER = "$(TEST_HOST)";
				CODE_SIGN_STYLE = Automatic;
				DEVELOPMENT_TEAM = 9D8UR7H9D4;
				INFOPLIST_FILE = "Sample-CollectionView-with-CompositionTypeTests/Info.plist";
				LD_RUNPATH_SEARCH_PATHS = "$(inherited) @executable_path/Frameworks @loader_path/Frameworks";
				PRODUCT_BUNDLE_IDENTIFIER = "jp.takumi314.Sample-CollectionView-with-CompositionTypeTests";
				PRODUCT_NAME = "$(TARGET_NAME)";
				SWIFT_VERSION = 4.0;
				TARGETED_DEVICE_FAMILY = "1,2";
				TEST_HOST = "$(BUILT_PRODUCTS_DIR)/Sample-CollectionView-with-CompositionType.app/Sample-CollectionView-with-CompositionType";
			};
			name = Debug;
		};
		E1CDAB76202212E900F6E5BA /* Release */ = {
			isa = XCBuildConfiguration;
			buildSettings = {
				ALWAYS_EMBED_SWIFT_STANDARD_LIBRARIES = YES;
				BUNDLE_LOADER = "$(TEST_HOST)";
				CODE_SIGN_STYLE = Automatic;
				DEVELOPMENT_TEAM = 9D8UR7H9D4;
				INFOPLIST_FILE = "Sample-CollectionView-with-CompositionTypeTests/Info.plist";
				LD_RUNPATH_SEARCH_PATHS = "$(inherited) @executable_path/Frameworks @loader_path/Frameworks";
				PRODUCT_BUNDLE_IDENTIFIER = "jp.takumi314.Sample-CollectionView-with-CompositionTypeTests";
				PRODUCT_NAME = "$(TARGET_NAME)";
				SWIFT_VERSION = 4.0;
				TARGETED_DEVICE_FAMILY = "1,2";
				TEST_HOST = "$(BUILT_PRODUCTS_DIR)/Sample-CollectionView-with-CompositionType.app/Sample-CollectionView-with-CompositionType";
			};
			name = Release;
		};
		E1CDAB78202212E900F6E5BA /* Debug */ = {
			isa = XCBuildConfiguration;
			buildSettings = {
				ALWAYS_EMBED_SWIFT_STANDARD_LIBRARIES = YES;
				CODE_SIGN_STYLE = Automatic;
				DEVELOPMENT_TEAM = 9D8UR7H9D4;
				INFOPLIST_FILE = "Sample-CollectionView-with-CompositionTypeUITests/Info.plist";
				LD_RUNPATH_SEARCH_PATHS = "$(inherited) @executable_path/Frameworks @loader_path/Frameworks";
				PRODUCT_BUNDLE_IDENTIFIER = "jp.takumi314.Sample-CollectionView-with-CompositionTypeUITests";
				PRODUCT_NAME = "$(TARGET_NAME)";
				SWIFT_VERSION = 4.0;
				TARGETED_DEVICE_FAMILY = "1,2";
				TEST_TARGET_NAME = "Sample-CollectionView-with-CompositionType";
			};
			name = Debug;
		};
		E1CDAB79202212E900F6E5BA /* Release */ = {
			isa = XCBuildConfiguration;
			buildSettings = {
				ALWAYS_EMBED_SWIFT_STANDARD_LIBRARIES = YES;
				CODE_SIGN_STYLE = Automatic;
				DEVELOPMENT_TEAM = 9D8UR7H9D4;
				INFOPLIST_FILE = "Sample-CollectionView-with-CompositionTypeUITests/Info.plist";
				LD_RUNPATH_SEARCH_PATHS = "$(inherited) @executable_path/Frameworks @loader_path/Frameworks";
				PRODUCT_BUNDLE_IDENTIFIER = "jp.takumi314.Sample-CollectionView-with-CompositionTypeUITests";
				PRODUCT_NAME = "$(TARGET_NAME)";
				SWIFT_VERSION = 4.0;
				TARGETED_DEVICE_FAMILY = "1,2";
				TEST_TARGET_NAME = "Sample-CollectionView-with-CompositionType";
			};
			name = Release;
		};
/* End XCBuildConfiguration section */

/* Begin XCConfigurationList section */
		E1CDAB44202212E900F6E5BA /* Build configuration list for PBXProject "Sample-CollectionView-with-CompositionType" */ = {
			isa = XCConfigurationList;
			buildConfigurations = (
				E1CDAB6F202212E900F6E5BA /* Debug */,
				E1CDAB70202212E900F6E5BA /* Release */,
			);
			defaultConfigurationIsVisible = 0;
			defaultConfigurationName = Release;
		};
		E1CDAB71202212E900F6E5BA /* Build configuration list for PBXNativeTarget "Sample-CollectionView-with-CompositionType" */ = {
			isa = XCConfigurationList;
			buildConfigurations = (
				E1CDAB72202212E900F6E5BA /* Debug */,
				E1CDAB73202212E900F6E5BA /* Release */,
			);
			defaultConfigurationIsVisible = 0;
			defaultConfigurationName = Release;
		};
		E1CDAB74202212E900F6E5BA /* Build configuration list for PBXNativeTarget "Sample-CollectionView-with-CompositionTypeTests" */ = {
			isa = XCConfigurationList;
			buildConfigurations = (
				E1CDAB75202212E900F6E5BA /* Debug */,
				E1CDAB76202212E900F6E5BA /* Release */,
			);
			defaultConfigurationIsVisible = 0;
			defaultConfigurationName = Release;
		};
		E1CDAB77202212E900F6E5BA /* Build configuration list for PBXNativeTarget "Sample-CollectionView-with-CompositionTypeUITests" */ = {
			isa = XCConfigurationList;
			buildConfigurations = (
				E1CDAB78202212E900F6E5BA /* Debug */,
				E1CDAB79202212E900F6E5BA /* Release */,
			);
			defaultConfigurationIsVisible = 0;
			defaultConfigurationName = Release;
		};
/* End XCConfigurationList section */
	};
	rootObject = E1CDAB41202212E900F6E5BA /* Project object */;
}
